Microsoft Visual Studio Solution File, Format Version 12.00
# Visual Studio Version 16
VisualStudioVersion = 16.0.0.0
MinimumVisualStudioVersion = 16.0.0.0
Project("{9A19103F-16F7-4668-BE54-9A1E7A4F7556}") = "ProStellar.Server", "Server\ProStellar.Server.csproj", "{000716E3-1ED5-42C6-BA75-F35A93417A1D}"
EndProject
Project("{9A19103F-16F7-4668-BE54-9A1E7A4F7556}") = "ProStellar.Client", "Client\ProStellar.Client.csproj", "{0E850C55-62F6-440D-BF2D-14E04CB73A3F}"
EndProject
Project("{9A19103F-16F7-4668-BE54-9A1E7A4F7556}") = "ProStellar.Shared", "Shared\ProStellar.Shared.csproj", "{6AB596D7-C23D-458C-BF28-F22454CFB18E}"
EndProject
Global
	GlobalSection(SolutionConfigurationPlatforms) = preSolution
		Debug|Any CPU = Debug|Any CPU
		Debug|x64 = Debug|x64
		Debug|x86 = Debug|x86
		Release|Any CPU = Release|Any CPU
		Release|x64 = Release|x64
		Release|x86 = Release|x86
	EndGlobalSection
	GlobalSection(ProjectConfigurationPlatforms) = postSolution
		{0E850C55-62F6-440D-BF2D-14E04CB73A3F}.Debug|Any CPU.ActiveCfg = Debug|Any CPU
		{0E850C55-62F6-440D-BF2D-14E04CB73A3F}.Debug|Any CPU.Build.0 = Debug|Any CPU
		{0E850C55-62F6-440D-BF2D-14E04CB73A3F}.Debug|x64.ActiveCfg = Debug|Any CPU
		{0E850C55-62F6-440D-BF2D-14E04CB73A3F}.Debug|x64.Build.0 = Debug|Any CPU
		{0E850C55-62F6-440D-BF2D-14E04CB73A3F}.Debug|x86.ActiveCfg = Debug|Any CPU
		{0E850C55-62F6-440D-BF2D-14E04CB73A3F}.Debug|x86.Build.0 = Debug|Any CPU
		{0E850C55-62F6-440D-BF2D-14E04CB73A3F}.Release|Any CPU.ActiveCfg = Release|Any CPU
		{0E850C55-62F6-440D-BF2D-14E04CB73A3F}.Release|Any CPU.Build.0 = Release|Any CPU
		{0E850C55-62F6-440D-BF2D-14E04CB73A3F}.Release|x64.ActiveCfg = Release|Any CPU
		{0E850C55-62F6-440D-BF2D-14E04CB73A3F}.Release|x64.Build.0 = Release|Any CPU
		{0E850C55-62F6-440D-BF2D-14E04CB73A3F}.Release|x86.ActiveCfg = Release|Any CPU
		{0E850C55-62F6-440D-BF2D-14E04CB73A3F}.Release|x86.Build.0 = Release|Any CPU
		{000716E3-1ED5-42C6-BA75-F35A93417A1D}.Debug|Any CPU.ActiveCfg = Debug|Any CPU
		{000716E3-1ED5-42C6-BA75-F35A93417A1D}.Debug|Any CPU.Build.0 = Debug|Any CPU
		{000716E3-1ED5-42C6-BA75-F35A93417A1D}.Debug|x64.ActiveCfg = Debug|Any CPU
		{000716E3-1ED5-42C6-BA75-F35A93417A1D}.Debug|x64.Build.0 = Debug|Any CPU
		{000716E3-1ED5-42C6-BA75-F35A93417A1D}.Debug|x86.ActiveCfg = Debug|Any CPU
		{000716E3-1ED5-42C6-BA75-F35A93417A1D}.Debug|x86.Build.0 = Debug|Any CPU
		{000716E3-1ED5-42C6-BA75-F35A93417A1D}.Release|Any CPU.ActiveCfg = Release|Any CPU
		{000716E3-1ED5-42C6-BA75-F35A93417A1D}.Release|Any CPU.Build.0 = Release|Any CPU
		{000716E3-1ED5-42C6-BA75-F35A93417A1D}.Release|x64.ActiveCfg = Release|Any CPU
		{000716E3-1ED5-42C6-BA75-F35A93417A1D}.Release|x64.Build.0 = Release|Any CPU
		{000716E3-1ED5-42C6-BA75-F35A93417A1D}.Release|x86.ActiveCfg = Release|Any CPU
		{000716E3-1ED5-42C6-BA75-F35A93417A1D}.Release|x86.Build.0 = Release|Any CPU
		{6AB596D7-C23D-458C-BF28-F22454CFB18E}.Debug|Any CPU.ActiveCfg = Debug|Any CPU
		{6AB596D7-C23D-458C-BF28-F22454CFB18E}.Debug|Any CPU.Build.0 = Debug|Any CPU
		{6AB596D7-C23D-458C-BF28-F22454CFB18E}.Debug|x64.ActiveCfg = Debug|Any CPU
		{6AB596D7-C23D-458C-BF28-F22454CFB18E}.Debug|x64.Build.0 = Debug|Any CPU
		{6AB596D7-C23D-458C-BF28-F22454CFB18E}.Debug|x86.ActiveCfg = Debug|Any CPU
		{6AB596D7-C23D-458C-BF28-F22454CFB18E}.Debug|x86.Build.0 = Debug|Any CPU
		{6AB596D7-C23D-458C-BF28-F22454CFB18E}.Release|Any CPU.ActiveCfg = Release|Any CPU
		{6AB596D7-C23D-458C-BF28-F22454CFB18E}.Release|Any CPU.Build.0 = Release|Any CPU
		{6AB596D7-C23D-458C-BF28-F22454CFB18E}.Release|x64.ActiveCfg = Release|Any CPU
		{6AB596D7-C23D-458C-BF28-F22454CFB18E}.Release|x64.Build.0 = Release|Any CPU
		{6AB596D7-C23D-458C-BF28-F22454CFB18E}.Release|x86.ActiveCfg = Release|Any CPU
		{6AB596D7-C23D-458C-BF28-F22454CFB18E}.Release|x86.Build.0 = Release|Any CPU
	EndGlobalSection
	GlobalSection(SolutionProperties) = preSolution
		HideSolutionNode = FALSE
	EndGlobalSection
	GlobalSection(ExtensibilityGlobals) = postSolution
		SolutionGuid = {7C69DB61-01A5-4D21-A335-77DC46489B06}
	EndGlobalSection
EndGlobal